
Microsoft Visual Studio Solution File, Format Version 12.00
# Visual Studio Version 16
VisualStudioVersion = 16.0.29509.3
MinimumVisualStudioVersion = 10.0.40219.1
Project("{F184B08F-C81C-45F6-A57F-5ABD9991F28F}") = "Cashiering_System01", "Cashiering_System01.vbproj", "{8BE363F5-D5D2-4469-8EEC-3112DDD797D4}"
EndProject
Global
	GlobalSection(SolutionConfigurationPlatforms) = preSolution
		Debug|Any CPU = Debug|Any CPU
		Release|Any CPU = Release|Any CPU
	EndGlobalSection
	GlobalSection(ProjectConfigurationPlatforms) = postSolution
		{8BE363F5-D5D2-4469-8EEC-3112DDD797D4}.Debug|Any CPU.ActiveCfg = Debug|Any CPU
		{8BE363F5-D5D2-4469-8EEC-3112DDD797D4}.Debug|Any CPU.Build.0 = Debug|Any CPU
		{8BE363F5-D5D2-4469-8EEC-3112DDD797D4}.Release|Any CPU.ActiveCfg = Release|Any CPU
		{8BE363F5-D5D2-4469-8EEC-3112DDD797D4}.Release|Any CPU.Build.0 = Release|Any CPU
	EndGlobalSection
	GlobalSection(SolutionProperties) = preSolution
		HideSolutionNode = FALSE
	EndGlobalSection
	GlobalSection(ExtensibilityGlobals) = postSolution
		SolutionGuid = {ECD77667-7CFC-4476-AF7E-C3ECEEAF5BE0}
	EndGlobalSection
EndGlobal
